
Microsoft Visual Studio Solution File, Format Version 12.00
# Visual Studio Version 17
VisualStudioVersion = 17.14.36119.2 d17.14
MinimumVisualStudioVersion = 10.0.40219.1
Project("{FAE04EC0-301F-11D3-BF4B-00C04F79EFBC}") = "AutomationFrameworkE2E", "AutomationFrameworkE2E.csproj", "{35285ED3-E853-488B-B434-8CEC9D1CC85D}"
EndProject
Global
	GlobalSection(SolutionConfigurationPlatforms) = preSolution
		Debug|Any CPU = Debug|Any CPU
		Release|Any CPU = Release|Any CPU
	EndGlobalSection
	GlobalSection(ProjectConfigurationPlatforms) = postSolution
		{35285ED3-E853-488B-B434-8CEC9D1CC85D}.Debug|Any CPU.ActiveCfg = Debug|Any CPU
		{35285ED3-E853-488B-B434-8CEC9D1CC85D}.Debug|Any CPU.Build.0 = Debug|Any CPU
		{35285ED3-E853-488B-B434-8CEC9D1CC85D}.Release|Any CPU.ActiveCfg = Release|Any CPU
		{35285ED3-E853-488B-B434-8CEC9D1CC85D}.Release|Any CPU.Build.0 = Release|Any CPU
	EndGlobalSection
	GlobalSection(SolutionProperties) = preSolution
		HideSolutionNode = FALSE
	EndGlobalSection
	GlobalSection(ExtensibilityGlobals) = postSolution
		SolutionGuid = {DBA300C5-75C4-4292-A3C3-87E6B0171671}
	EndGlobalSection
EndGlobal
